
Microsoft Visual Studio Solution File, Format Version 12.00
# Visual Studio Version 16
VisualStudioVersion = 16.0.36631.11
MinimumVisualStudioVersion = 10.0.40219.1
Project("{8BC9CEB8-8B4A-11D0-8D11-00A0C91BC942}") = "MapSolution", "MapSolution.vcxproj", "{C6AB2FF3-6525-4501-80B2-4E3EEA2E5353}"
	ProjectSection(ProjectDependencies) = postProject
		{32CDA0BA-F13B-47AD-8BD5-6849255E07C8} = {32CDA0BA-F13B-47AD-8BD5-6849255E07C8}
		{EE4FB1C0-5314-4C38-BB56-9EC786A3185D} = {EE4FB1C0-5314-4C38-BB56-9EC786A3185D}
		{6B9344F7-F2FC-47AF-9D1A-B5C27D2590D5} = {6B9344F7-F2FC-47AF-9D1A-B5C27D2590D5}
	EndProjectSection
EndProject
Project("{8BC9CEB8-8B4A-11D0-8D11-00A0C91BC942}") = "GeoTrans", "..\LibSrc\GeoTrans\GeoTrans.vcxproj", "{EE4FB1C0-5314-4C38-BB56-9EC786A3185D}"
EndProject
Project("{8BC9CEB8-8B4A-11D0-8D11-00A0C91BC942}") = "GeoDC", "..\LibSrc\GeoDC\GeoDC.vcxproj", "{6B9344F7-F2FC-47AF-9D1A-B5C27D2590D5}"
EndProject
Project("{8BC9CEB8-8B4A-11D0-8D11-00A0C91BC942}") = "WMSMgr", "..\LibSrc\WMSMgr\WMSMgr.vcxproj", "{32CDA0BA-F13B-47AD-8BD5-6849255E07C8}"
	ProjectSection(ProjectDependencies) = postProject
		{EE4FB1C0-5314-4C38-BB56-9EC786A3185D} = {EE4FB1C0-5314-4C38-BB56-9EC786A3185D}
		{6B9344F7-F2FC-47AF-9D1A-B5C27D2590D5} = {6B9344F7-F2FC-47AF-9D1A-B5C27D2590D5}
	EndProjectSection
EndProject
Global
	GlobalSection(SolutionConfigurationPlatforms) = preSolution
		Debug|x64 = Debug|x64
		Debug|x86 = Debug|x86
		Release|x64 = Release|x64
		Release|x86 = Release|x86
	EndGlobalSection
	GlobalSection(ProjectConfigurationPlatforms) = postSolution
		{C6AB2FF3-6525-4501-80B2-4E3EEA2E5353}.Debug|x64.ActiveCfg = Debug|x64
		{C6AB2FF3-6525-4501-80B2-4E3EEA2E5353}.Debug|x64.Build.0 = Debug|x64
		{C6AB2FF3-6525-4501-80B2-4E3EEA2E5353}.Debug|x86.ActiveCfg = Debug|x64
		{C6AB2FF3-6525-4501-80B2-4E3EEA2E5353}.Release|x64.ActiveCfg = Release|x64
		{C6AB2FF3-6525-4501-80B2-4E3EEA2E5353}.Release|x64.Build.0 = Release|x64
		{C6AB2FF3-6525-4501-80B2-4E3EEA2E5353}.Release|x86.ActiveCfg = Release|x64
		{EE4FB1C0-5314-4C38-BB56-9EC786A3185D}.Debug|x64.ActiveCfg = Debug|x64
		{EE4FB1C0-5314-4C38-BB56-9EC786A3185D}.Debug|x64.Build.0 = Debug|x64
		{EE4FB1C0-5314-4C38-BB56-9EC786A3185D}.Debug|x86.ActiveCfg = Debug|x64
		{EE4FB1C0-5314-4C38-BB56-9EC786A3185D}.Release|x64.ActiveCfg = Release|x64
		{EE4FB1C0-5314-4C38-BB56-9EC786A3185D}.Release|x64.Build.0 = Release|x64
		{EE4FB1C0-5314-4C38-BB56-9EC786A3185D}.Release|x86.ActiveCfg = Release|x64
		{6B9344F7-F2FC-47AF-9D1A-B5C27D2590D5}.Debug|x64.ActiveCfg = Debug|x64
		{6B9344F7-F2FC-47AF-9D1A-B5C27D2590D5}.Debug|x64.Build.0 = Debug|x64
		{6B9344F7-F2FC-47AF-9D1A-B5C27D2590D5}.Debug|x86.ActiveCfg = Debug|x64
		{6B9344F7-F2FC-47AF-9D1A-B5C27D2590D5}.Release|x64.ActiveCfg = Release|x64
		{6B9344F7-F2FC-47AF-9D1A-B5C27D2590D5}.Release|x64.Build.0 = Release|x64
		{6B9344F7-F2FC-47AF-9D1A-B5C27D2590D5}.Release|x86.ActiveCfg = Release|x64
		{32CDA0BA-F13B-47AD-8BD5-6849255E07C8}.Debug|x64.ActiveCfg = Debug|x64
		{32CDA0BA-F13B-47AD-8BD5-6849255E07C8}.Debug|x64.Build.0 = Debug|x64
		{32CDA0BA-F13B-47AD-8BD5-6849255E07C8}.Debug|x86.ActiveCfg = Debug|x64
		{32CDA0BA-F13B-47AD-8BD5-6849255E07C8}.Release|x64.ActiveCfg = Release|x64
		{32CDA0BA-F13B-47AD-8BD5-6849255E07C8}.Release|x64.Build.0 = Release|x64
		{32CDA0BA-F13B-47AD-8BD5-6849255E07C8}.Release|x86.ActiveCfg = Release|x64
	EndGlobalSection
	GlobalSection(SolutionProperties) = preSolution
		HideSolutionNode = FALSE
	EndGlobalSection
	GlobalSection(ExtensibilityGlobals) = postSolution
		SolutionGuid = {B844FF35-5B32-4026-99F6-86688BF5AAF4}
	EndGlobalSection
EndGlobal
